
Microsoft Visual Studio Solution File, Format Version 12.00
# Visual Studio Version 17
VisualStudioVersion = 17.8.34525.116
MinimumVisualStudioVersion = 10.0.40219.1
Project("{FAE04EC0-301F-11D3-BF4B-00C04F79EFBC}") = "Rejestrator Parkingu", "Rejestrator Parkingu\Rejestrator Parkingu.csproj", "{19BE0389-A5FA-4B73-8FBC-398EF6524C7A}"
EndProject
Global
	GlobalSection(SolutionConfigurationPlatforms) = preSolution
		Debug|Any CPU = Debug|Any CPU
		Release|Any CPU = Release|Any CPU
	EndGlobalSection
	GlobalSection(ProjectConfigurationPlatforms) = postSolution
		{19BE0389-A5FA-4B73-8FBC-398EF6524C7A}.Debug|Any CPU.ActiveCfg = Debug|Any CPU
		{19BE0389-A5FA-4B73-8FBC-398EF6524C7A}.Debug|Any CPU.Build.0 = Debug|Any CPU
		{19BE0389-A5FA-4B73-8FBC-398EF6524C7A}.Release|Any CPU.ActiveCfg = Release|Any CPU
		{19BE0389-A5FA-4B73-8FBC-398EF6524C7A}.Release|Any CPU.Build.0 = Release|Any CPU
	EndGlobalSection
	GlobalSection(SolutionProperties) = preSolution
		HideSolutionNode = FALSE
	EndGlobalSection
	GlobalSection(ExtensibilityGlobals) = postSolution
		SolutionGuid = {0734C0ED-ABDB-4BCE-A72E-F3D4B675F614}
	EndGlobalSection
EndGlobal
